
Microsoft Visual Studio Solution File, Format Version 12.00
# Visual Studio Version 16
VisualStudioVersion = 16.0.30114.105
MinimumVisualStudioVersion = 10.0.40219.1
Project("{FAE04EC0-301F-11D3-BF4B-00C04F79EFBC}") = "Zap", "Zap\Zap.csproj", "{0A5E90A1-BDCB-4CB4-A0C7-FD8AC5D8A0EE}"
EndProject
Project("{FAE04EC0-301F-11D3-BF4B-00C04F79EFBC}") = "Zap.Specs", "Zap.Specs\Zap.Specs.csproj", "{69E5056B-2F79-41B0-90F0-E1A7745D6531}"
EndProject
Global
	GlobalSection(SolutionConfigurationPlatforms) = preSolution
		Debug|Any CPU = Debug|Any CPU
		Release|Any CPU = Release|Any CPU
	EndGlobalSection
	GlobalSection(SolutionProperties) = preSolution
		HideSolutionNode = FALSE
	EndGlobalSection
	GlobalSection(ProjectConfigurationPlatforms) = postSolution
		{0A5E90A1-BDCB-4CB4-A0C7-FD8AC5D8A0EE}.Debug|Any CPU.ActiveCfg = Debug|Any CPU
		{0A5E90A1-BDCB-4CB4-A0C7-FD8AC5D8A0EE}.Debug|Any CPU.Build.0 = Debug|Any CPU
		{0A5E90A1-BDCB-4CB4-A0C7-FD8AC5D8A0EE}.Release|Any CPU.ActiveCfg = Release|Any CPU
		{0A5E90A1-BDCB-4CB4-A0C7-FD8AC5D8A0EE}.Release|Any CPU.Build.0 = Release|Any CPU
		{69E5056B-2F79-41B0-90F0-E1A7745D6531}.Debug|Any CPU.ActiveCfg = Debug|Any CPU
		{69E5056B-2F79-41B0-90F0-E1A7745D6531}.Debug|Any CPU.Build.0 = Debug|Any CPU
		{69E5056B-2F79-41B0-90F0-E1A7745D6531}.Release|Any CPU.ActiveCfg = Release|Any CPU
		{69E5056B-2F79-41B0-90F0-E1A7745D6531}.Release|Any CPU.Build.0 = Release|Any CPU
	EndGlobalSection
EndGlobal
